<?xml version="1.0" encoding="utf-8"?>
<Project ToolsVersion="4.0" xmlns="http://schemas.microsoft.com/developer/msbuild/2003">
  <ItemGroup>
    <ClCompile Include="j1Main.cpp" />
    <ClCompile Include="j1App.cpp" />
    <ClCompile Include="PugiXml\src\pugixml.cpp">
      <Filter>Tools\PugiXML</Filter>
    </ClCompile>
    <ClCompile Include="p2Log.cpp">
      <Filter>Utils</Filter>
    </ClCompile>
    <ClCompile Include="j1Window.cpp">
      <Filter>Modules</Filter>
    </ClCompile>
    <ClCompile Include="j1Textures.cpp">
      <Filter>Modules</Filter>
    </ClCompile>
    <ClCompile Include="j1Render.cpp">
      <Filter>Modules</Filter>
    </ClCompile>
    <ClCompile Include="j1Map.cpp">
      <Filter>Modules</Filter>
    </ClCompile>
    <ClCompile Include="j1Input.cpp">
      <Filter>Modules</Filter>
    </ClCompile>
    <ClCompile Include="j1Audio.cpp">
      <Filter>Modules</Filter>
    </ClCompile>
    <ClCompile Include="j1Scene.cpp">
      <Filter>Scenes</Filter>
    </ClCompile>
    <ClCompile Include="j1Collision.cpp">
      <Filter>Modules</Filter>
    </ClCompile>
    <ClCompile Include="j1FadeToBlack.cpp">
      <Filter>Modules</Filter>
    </ClCompile>
    <ClCompile Include="Enemy_level01_ground.cpp">
      <Filter>Enemies</Filter>
    </ClCompile>
    <ClCompile Include="j1Particles.cpp">
      <Filter>Modules</Filter>
    </ClCompile>
    <ClCompile Include="Enemy_level01_air.cpp">
      <Filter>Enemies</Filter>
    </ClCompile>
    <ClCompile Include="j1Pathfinding.cpp">
      <Filter>Modules</Filter>
    </ClCompile>
    <ClCompile Include="j1PerfTimer.cpp">
      <Filter>Tools</Filter>
    </ClCompile>
    <ClCompile Include="j1Timer.cpp">
      <Filter>Tools</Filter>
    </ClCompile>
    <ClCompile Include="j1EntityManager.cpp">
      <Filter>Modules</Filter>
    </ClCompile>
    <ClCompile Include="Entity.cpp">
      <Filter>Enemies</Filter>
    </ClCompile>
    <ClCompile Include="Player.cpp">
      <Filter>Enemies</Filter>
    </ClCompile>
    <ClCompile Include="j1GUIManager.cpp">
      <Filter>Modules</Filter>
    </ClCompile>
    <ClCompile Include="GUIElement.cpp">
      <Filter>GUI Elements</Filter>
    </ClCompile>
    <ClCompile Include="GUIImage.cpp">
      <Filter>GUI Elements</Filter>
    </ClCompile>
    <ClCompile Include="GUIButton.cpp">
      <Filter>GUI Elements</Filter>
    </ClCompile>
    <ClCompile Include="GUILabel.cpp">
      <Filter>GUI Elements</Filter>
    </ClCompile>
    <ClCompile Include="j1Fonts.cpp">
      <Filter>Modules</Filter>
    </ClCompile>
    <ClCompile Include="GUIPanel.cpp">
      <Filter>GUI Elements</Filter>
    </ClCompile>
    <ClCompile Include="GUIInputBox.cpp">
      <Filter>GUI Elements</Filter>
    </ClCompile>
    <ClCompile Include="GUIThumb.cpp">
      <Filter>GUI Elements</Filter>
    </ClCompile>
    <ClCompile Include="GUISlider.cpp">
      <Filter>GUI Elements</Filter>
    </ClCompile>
    <ClCompile Include="Coins.cpp">
      <Filter>Enemies</Filter>
    </ClCompile>
  </ItemGroup>
  <ItemGroup>
    <ClInclude Include="j1App.h" />
    <ClInclude Include="j1Module.h" />
    <ClInclude Include="PugiXml\src\pugiconfig.hpp">
      <Filter>Tools\PugiXML</Filter>
    </ClInclude>
    <ClInclude Include="PugiXml\src\pugixml.hpp">
      <Filter>Tools\PugiXML</Filter>
    </ClInclude>
    <ClInclude Include="p2Log.h">
      <Filter>Utils</Filter>
    </ClInclude>
    <ClInclude Include="p2SString.h">
      <Filter>Utils</Filter>
    </ClInclude>
    <ClInclude Include="p2Defs.h">
      <Filter>Utils</Filter>
    </ClInclude>
    <ClInclude Include="p2List.h">
      <Filter>Utils</Filter>
    </ClInclude>
    <ClInclude Include="p2DynArray.h">
      <Filter>Utils</Filter>
    </ClInclude>
    <ClInclude Include="p2Point.h">
      <Filter>Utils</Filter>
    </ClInclude>
    <ClInclude Include="j1Window.h">
      <Filter>Modules</Filter>
    </ClInclude>
    <ClInclude Include="j1Textures.h">
      <Filter>Modules</Filter>
    </ClInclude>
    <ClInclude Include="j1Render.h">
      <Filter>Modules</Filter>
    </ClInclude>
    <ClInclude Include="j1Map.h">
      <Filter>Modules</Filter>
    </ClInclude>
    <ClInclude Include="j1Input.h">
      <Filter>Modules</Filter>
    </ClInclude>
    <ClInclude Include="j1Audio.h">
      <Filter>Modules</Filter>
    </ClInclude>
    <ClInclude Include="j1Scene.h">
      <Filter>Scenes</Filter>
    </ClInclude>
    <ClInclude Include="Animation.h">
      <Filter>Tools</Filter>
    </ClInclude>
    <ClInclude Include="j1Collision.h">
      <Filter>Modules</Filter>
    </ClInclude>
    <ClInclude Include="j1FadeToBlack.h">
      <Filter>Modules</Filter>
    </ClInclude>
    <ClInclude Include="Enemy_level01_ground.h">
      <Filter>Enemies</Filter>
    </ClInclude>
    <ClInclude Include="j1Particles.h">
      <Filter>Modules</Filter>
    </ClInclude>
    <ClInclude Include="Enemy_level01_air.h">
      <Filter>Enemies</Filter>
    </ClInclude>
    <ClInclude Include="j1Pathfinding.h">
      <Filter>Modules</Filter>
    </ClInclude>
    <ClInclude Include="j1PerfTimer.h">
      <Filter>Tools</Filter>
    </ClInclude>
    <ClInclude Include="j1Timer.h">
      <Filter>Tools</Filter>
    </ClInclude>
    <ClInclude Include="j1EntityManager.h">
      <Filter>Modules</Filter>
    </ClInclude>
    <ClInclude Include="Entity.h">
      <Filter>Enemies</Filter>
    </ClInclude>
    <ClInclude Include="Player.h">
      <Filter>Enemies</Filter>
    </ClInclude>
    <ClInclude Include="j1GUIManager.h">
      <Filter>Modules</Filter>
    </ClInclude>
    <ClInclude Include="GUIElement.h">
      <Filter>GUI Elements</Filter>
    </ClInclude>
    <ClInclude Include="GUIImage.h">
      <Filter>GUI Elements</Filter>
    </ClInclude>
    <ClInclude Include="GUIButton.h">
      <Filter>GUI Elements</Filter>
    </ClInclude>
    <ClInclude Include="GUILabel.h">
      <Filter>GUI Elements</Filter>
    </ClInclude>
    <ClInclude Include="j1Fonts.h">
      <Filter>Modules</Filter>
    </ClInclude>
    <ClInclude Include="GUIPanel.h">
      <Filter>GUI Elements</Filter>
    </ClInclude>
    <ClInclude Include="GUIInputBox.h">
      <Filter>GUI Elements</Filter>
    </ClInclude>
    <ClInclude Include="GUIThumb.h">
      <Filter>GUI Elements</Filter>
    </ClInclude>
    <ClInclude Include="GUISlider.h">
      <Filter>GUI Elements</Filter>
    </ClInclude>
    <ClInclude Include="Coins.h">
      <Filter>Enemies</Filter>
    </ClInclude>
  </ItemGroup>
  <ItemGroup>
    <Filter Include="Modules">
      <UniqueIdentifier>{dc2fe908-d339-45cb-aa1b-45da6ea8d4d6}</UniqueIdentifier>
    </Filter>
    <Filter Include="Tools">
      <UniqueIdentifier>{e03dacef-ae93-4a2c-8007-f682eec05856}</UniqueIdentifier>
    </Filter>
    <Filter Include="Tools\PugiXML">
      <UniqueIdentifier>{1511b651-c911-422d-9d1a-4e01a2c85f95}</UniqueIdentifier>
    </Filter>
    <Filter Include="Utils">
      <UniqueIdentifier>{9248f544-1fcd-4d21-9ea8-572d2909eeab}</UniqueIdentifier>
    </Filter>
    <Filter Include="Scenes">
      <UniqueIdentifier>{3f584f62-674e-4a0e-b46c-b04d1a5b33b3}</UniqueIdentifier>
    </Filter>
    <Filter Include="Enemies">
      <UniqueIdentifier>{37cdb38c-095d-49aa-baa8-ed4c820580e4}</UniqueIdentifier>
    </Filter>
    <Filter Include="GUI Elements">
      <UniqueIdentifier>{14ba0681-cd90-414c-a0ab-53b18fdf5d1a}</UniqueIdentifier>
    </Filter>
  </ItemGroup>
</Project>